
Microsoft Visual Studio Solution File, Format Version 12.00
# Visual Studio Version 16
VisualStudioVersion = 16.0.30907.101
MinimumVisualStudioVersion = 10.0.40219.1
Project("{FAE04EC0-301F-11D3-BF4B-00C04F79EFBC}") = "GeometrikSekillerForms", "GeometrikSekillerForms\GeometrikSekillerForms.csproj", "{8193AA47-EEEA-4447-8222-A865AFF43884}"
EndProject
Global
	GlobalSection(SolutionConfigurationPlatforms) = preSolution
		Debug|Any CPU = Debug|Any CPU
		Release|Any CPU = Release|Any CPU
	EndGlobalSection
	GlobalSection(ProjectConfigurationPlatforms) = postSolution
		{8193AA47-EEEA-4447-8222-A865AFF43884}.Debug|Any CPU.ActiveCfg = Debug|Any CPU
		{8193AA47-EEEA-4447-8222-A865AFF43884}.Debug|Any CPU.Build.0 = Debug|Any CPU
		{8193AA47-EEEA-4447-8222-A865AFF43884}.Release|Any CPU.ActiveCfg = Release|Any CPU
		{8193AA47-EEEA-4447-8222-A865AFF43884}.Release|Any CPU.Build.0 = Release|Any CPU
	EndGlobalSection
	GlobalSection(SolutionProperties) = preSolution
		HideSolutionNode = FALSE
	EndGlobalSection
	GlobalSection(ExtensibilityGlobals) = postSolution
		SolutionGuid = {40881D87-FCE6-4759-B95B-B75C0EB0EF26}
	EndGlobalSection
EndGlobal
